
Microsoft Visual Studio Solution File, Format Version 12.00
# Visual Studio Version 16
VisualStudioVersion = 16.0.29806.167
MinimumVisualStudioVersion = 10.0.40219.1
Project("{FAE04EC0-301F-11D3-BF4B-00C04F79EFBC}") = "037.樱花动漫下载器", "037.樱花动漫下载器\037.樱花动漫下载器.csproj", "{584E7AF2-66A9-4259-9CE2-6D1D3DF4F965}"
EndProject
Global
	GlobalSection(SolutionConfigurationPlatforms) = preSolution
		Debug|Any CPU = Debug|Any CPU
		Release|Any CPU = Release|Any CPU
	EndGlobalSection
	GlobalSection(ProjectConfigurationPlatforms) = postSolution
		{584E7AF2-66A9-4259-9CE2-6D1D3DF4F965}.Debug|Any CPU.ActiveCfg = Debug|Any CPU
		{584E7AF2-66A9-4259-9CE2-6D1D3DF4F965}.Debug|Any CPU.Build.0 = Debug|Any CPU
		{584E7AF2-66A9-4259-9CE2-6D1D3DF4F965}.Release|Any CPU.ActiveCfg = Release|Any CPU
		{584E7AF2-66A9-4259-9CE2-6D1D3DF4F965}.Release|Any CPU.Build.0 = Release|Any CPU
	EndGlobalSection
	GlobalSection(SolutionProperties) = preSolution
		HideSolutionNode = FALSE
	EndGlobalSection
	GlobalSection(ExtensibilityGlobals) = postSolution
		SolutionGuid = {75000BB5-446A-4E32-BFFB-E6B81C1C1EFF}
	EndGlobalSection
EndGlobal
