
Microsoft Visual Studio Solution File, Format Version 12.00
# Visual Studio Version 16
VisualStudioVersion = 16.0.29806.167
MinimumVisualStudioVersion = 10.0.40219.1
Project("{FAE04EC0-301F-11D3-BF4B-00C04F79EFBC}") = "SimpleLocker", "SimpleLocker\SimpleLocker.csproj", "{E2F8A01A-B8CB-4984-929E-19FDADBF03F6}"
EndProject
Global
	GlobalSection(SolutionConfigurationPlatforms) = preSolution
		Debug|Any CPU = Debug|Any CPU
		Release|Any CPU = Release|Any CPU
	EndGlobalSection
	GlobalSection(ProjectConfigurationPlatforms) = postSolution
		{E2F8A01A-B8CB-4984-929E-19FDADBF03F6}.Debug|Any CPU.ActiveCfg = Debug|Any CPU
		{E2F8A01A-B8CB-4984-929E-19FDADBF03F6}.Debug|Any CPU.Build.0 = Debug|Any CPU
		{E2F8A01A-B8CB-4984-929E-19FDADBF03F6}.Release|Any CPU.ActiveCfg = Release|Any CPU
		{E2F8A01A-B8CB-4984-929E-19FDADBF03F6}.Release|Any CPU.Build.0 = Release|Any CPU
	EndGlobalSection
	GlobalSection(SolutionProperties) = preSolution
		HideSolutionNode = FALSE
	EndGlobalSection
	GlobalSection(ExtensibilityGlobals) = postSolution
		SolutionGuid = {568F9E56-CD2E-4AF7-B3A5-38FE3D6EBA95}
	EndGlobalSection
EndGlobal
